// !$*UTF8*$!
{
	archiveVersion = 1;
	classes = {
	};
	objectVersion = 51;
	objects = {

/* Begin PBXBuildFile section */
		B539352ED7488FDF3D9ECD87 /* Pods_VKClient.framework in Frameworks */ = {isa = PBXBuildFile; fileRef = C51DE9DC2A2DF9ED0A683671 /* Pods_VKClient.framework */; };
		BA43607E258F6910000657DD /* WebKitLoginViewController.swift in Sources */ = {isa = PBXBuildFile; fileRef = BA43607D258F6910000657DD /* WebKitLoginViewController.swift */; };
		BA436085258F732F000657DD /* NetworkRequests.swift in Sources */ = {isa = PBXBuildFile; fileRef = BA436084258F732F000657DD /* NetworkRequests.swift */; };
		BA48CC5C254DDA7C0020F72B /* LoginViewController.swift in Sources */ = {isa = PBXBuildFile; fileRef = BA48CC5B254DDA7C0020F72B /* LoginViewController.swift */; };
		BA48CC782552CEED0020F72B /* FriendsViewController.swift in Sources */ = {isa = PBXBuildFile; fileRef = BA48CC772552CEED0020F72B /* FriendsViewController.swift */; };
		BA48CC7C2552D20F0020F72B /* FriendsListViewController.swift in Sources */ = {isa = PBXBuildFile; fileRef = BA48CC7B2552D20F0020F72B /* FriendsListViewController.swift */; };
		BA48CC7F2552D4260020F72B /* FriendsCell.swift in Sources */ = {isa = PBXBuildFile; fileRef = BA48CC7E2552D4260020F72B /* FriendsCell.swift */; };
		BA48CC822552D9300020F72B /* FriendsPhotoCell.swift in Sources */ = {isa = PBXBuildFile; fileRef = BA48CC812552D9300020F72B /* FriendsPhotoCell.swift */; };
		BA48CC852552DE9C0020F72B /* GroupsViewController.swift in Sources */ = {isa = PBXBuildFile; fileRef = BA48CC842552DE9C0020F72B /* GroupsViewController.swift */; };
		BA48CC882552DEAF0020F72B /* GroupCell.swift in Sources */ = {isa = PBXBuildFile; fileRef = BA48CC872552DEAF0020F72B /* GroupCell.swift */; };
		BA48CC8B2552E7440020F72B /* MyGroupsViewController.swift in Sources */ = {isa = PBXBuildFile; fileRef = BA48CC8A2552E7440020F72B /* MyGroupsViewController.swift */; };
		BA48CC8E2552E7550020F72B /* MyGroupsCell.swift in Sources */ = {isa = PBXBuildFile; fileRef = BA48CC8D2552E7550020F72B /* MyGroupsCell.swift */; };
		BA48CC962552E8EF0020F72B /* Group.swift in Sources */ = {isa = PBXBuildFile; fileRef = BA48CC952552E8EF0020F72B /* Group.swift */; };
		BA50681225694F4F00065D0C /* FriendsPhotosViewController.swift in Sources */ = {isa = PBXBuildFile; fileRef = BA50681125694F4F00065D0C /* FriendsPhotosViewController.swift */; };
		BA756B3725457C280087B127 /* AppDelegate.swift in Sources */ = {isa = PBXBuildFile; fileRef = BA756B3625457C280087B127 /* AppDelegate.swift */; };
		BA756B3E25457C280087B127 /* Main.storyboard in Resources */ = {isa = PBXBuildFile; fileRef = BA756B3C25457C280087B127 /* Main.storyboard */; };
		BA756B4025457C290087B127 /* Assets.xcassets in Resources */ = {isa = PBXBuildFile; fileRef = BA756B3F25457C290087B127 /* Assets.xcassets */; };
		BA756B4325457C290087B127 /* LaunchScreen.storyboard in Resources */ = {isa = PBXBuildFile; fileRef = BA756B4125457C290087B127 /* LaunchScreen.storyboard */; };
		BA7E2DC125567AE400868F51 /* RoundedAvatar.swift in Sources */ = {isa = PBXBuildFile; fileRef = BA7E2DC025567AE400868F51 /* RoundedAvatar.swift */; };
		BA7E2DC425567F5200868F51 /* AvatarImageView.swift in Sources */ = {isa = PBXBuildFile; fileRef = BA7E2DC325567F5200868F51 /* AvatarImageView.swift */; };
		BA7E2DCB2557EE7000868F51 /* LikeButton.swift in Sources */ = {isa = PBXBuildFile; fileRef = BA7E2DCA2557EE7000868F51 /* LikeButton.swift */; };
		BA8AA3922561141A008E348A /* NewsTableViewController.swift in Sources */ = {isa = PBXBuildFile; fileRef = BA8AA3912561141A008E348A /* NewsTableViewController.swift */; };
		BA8AA3962561186C008E348A /* NewsCellTableViewCell.swift in Sources */ = {isa = PBXBuildFile; fileRef = BA8AA3952561186C008E348A /* NewsCellTableViewCell.swift */; };
		BA8C07C62599D3B200916B82 /* UserModel.swift in Sources */ = {isa = PBXBuildFile; fileRef = BA8C07C52599D3B200916B82 /* UserModel.swift */; };
		BAA33C6C256D793F007B99BC /* CustomNavigationController.swift in Sources */ = {isa = PBXBuildFile; fileRef = BAA33C6B256D793F007B99BC /* CustomNavigationController.swift */; };
		BAA44FD42594AAA500B2307D /* FriendsModel.swift in Sources */ = {isa = PBXBuildFile; fileRef = BAA44FD32594AAA500B2307D /* FriendsModel.swift */; };
		BAA44FE92594CBBC00B2307D /* GroupModel.swift in Sources */ = {isa = PBXBuildFile; fileRef = BAA44FE82594CBBC00B2307D /* GroupModel.swift */; };
		BAB8ECB625619DB60042A0C7 /* DottedProgressBar.swift in Sources */ = {isa = PBXBuildFile; fileRef = BAB8ECB525619DB60042A0C7 /* DottedProgressBar.swift */; };
		BAE8C835258BD52F00CE421C /* Session.swift in Sources */ = {isa = PBXBuildFile; fileRef = BAE8C834258BD52F00CE421C /* Session.swift */; };
		BAEA818D256931070065F548 /* HorizontalPagingCollectionView.swift in Sources */ = {isa = PBXBuildFile; fileRef = BAEA818C256931070065F548 /* HorizontalPagingCollectionView.swift */; };
		FCE99096EA14C9BF82EB4D7C /* FriendsSections.swift in Sources */ = {isa = PBXBuildFile; fileRef = FCE99E1B6E94FC3964CB073B /* FriendsSections.swift */; };
		FCE9915F117B8CAD7A122A2C /* CustomPushAnimation.swift in Sources */ = {isa = PBXBuildFile; fileRef = FCE99619FAC92EE091D86D83 /* CustomPushAnimation.swift */; };
		FCE996E66EEB2B9CCD162C59 /* DataBaseWorker.swift in Sources */ = {isa = PBXBuildFile; fileRef = FCE9963688E6A77E31A0C6E0 /* DataBaseWorker.swift */; };
		FCE998BCAF6D484D27BA3413 /* DateHelper.swift in Sources */ = {isa = PBXBuildFile; fileRef = FCE99CA754424EE77E88B826 /* DateHelper.swift */; };
		FCE99D6B3D4727FF6B29C07D /* CustomPopAnimation.swift in Sources */ = {isa = PBXBuildFile; fileRef = FCE99598C61B8B6AC83FE8B7 /* CustomPopAnimation.swift */; };
		FCE99F903771B07881C51A89 /* CustomInteractiveTransition.swift in Sources */ = {isa = PBXBuildFile; fileRef = FCE99589649C847CF1A0542E /* CustomInteractiveTransition.swift */; };
/* End PBXBuildFile section */

/* Begin PBXFileReference section */
		188CEF3F4D2D932BF00BCD8B /* Pods-VKClient.debug.xcconfig */ = {isa = PBXFileReference; includeInIndex = 1; lastKnownFileType = text.xcconfig; name = "Pods-VKClient.debug.xcconfig"; path = "Target Support Files/Pods-VKClient/Pods-VKClient.debug.xcconfig"; sourceTree = "<group>"; };
		8A824369B8D121FBF9DFE64C /* Pods-VKClient.release.xcconfig */ = {isa = PBXFileReference; includeInIndex = 1; lastKnownFileType = text.xcconfig; name = "Pods-VKClient.release.xcconfig"; path = "Target Support Files/Pods-VKClient/Pods-VKClient.release.xcconfig"; sourceTree = "<group>"; };
		BA43607D258F6910000657DD /* WebKitLoginViewController.swift */ = {isa = PBXFileReference; lastKnownFileType = sourcecode.swift; path = WebKitLoginViewController.swift; sourceTree = "<group>"; };
		BA436084258F732F000657DD /* NetworkRequests.swift */ = {isa = PBXFileReference; lastKnownFileType = sourcecode.swift; path = NetworkRequests.swift; sourceTree = "<group>"; };
		BA48CC5B254DDA7C0020F72B /* LoginViewController.swift */ = {isa = PBXFileReference; lastKnownFileType = sourcecode.swift; path = LoginViewController.swift; sourceTree = "<group>"; };
		BA48CC772552CEED0020F72B /* FriendsViewController.swift */ = {isa = PBXFileReference; lastKnownFileType = sourcecode.swift; path = FriendsViewController.swift; sourceTree = "<group>"; };
		BA48CC7B2552D20F0020F72B /* FriendsListViewController.swift */ = {isa = PBXFileReference; lastKnownFileType = sourcecode.swift; path = FriendsListViewController.swift; sourceTree = "<group>"; };
		BA48CC7E2552D4260020F72B /* FriendsCell.swift */ = {isa = PBXFileReference; lastKnownFileType = sourcecode.swift; path = FriendsCell.swift; sourceTree = "<group>"; };
		BA48CC812552D9300020F72B /* FriendsPhotoCell.swift */ = {isa = PBXFileReference; lastKnownFileType = sourcecode.swift; path = FriendsPhotoCell.swift; sourceTree = "<group>"; };
		BA48CC842552DE9C0020F72B /* GroupsViewController.swift */ = {isa = PBXFileReference; lastKnownFileType = sourcecode.swift; path = GroupsViewController.swift; sourceTree = "<group>"; };
		BA48CC872552DEAF0020F72B /* GroupCell.swift */ = {isa = PBXFileReference; lastKnownFileType = sourcecode.swift; path = GroupCell.swift; sourceTree = "<group>"; };
		BA48CC8A2552E7440020F72B /* MyGroupsViewController.swift */ = {isa = PBXFileReference; lastKnownFileType = sourcecode.swift; path = MyGroupsViewController.swift; sourceTree = "<group>"; };
		BA48CC8D2552E7550020F72B /* MyGroupsCell.swift */ = {isa = PBXFileReference; lastKnownFileType = sourcecode.swift; path = MyGroupsCell.swift; sourceTree = "<group>"; };
		BA48CC952552E8EF0020F72B /* Group.swift */ = {isa = PBXFileReference; lastKnownFileType = sourcecode.swift; path = Group.swift; sourceTree = "<group>"; };
		BA50681125694F4F00065D0C /* FriendsPhotosViewController.swift */ = {isa = PBXFileReference; lastKnownFileType = sourcecode.swift; path = FriendsPhotosViewController.swift; sourceTree = "<group>"; };
		BA756B3325457C280087B127 /* VKClient.app */ = {isa = PBXFileReference; explicitFileType = wrapper.application; includeInIndex = 0; path = VKClient.app; sourceTree = BUILT_PRODUCTS_DIR; };
		BA756B3625457C280087B127 /* AppDelegate.swift */ = {isa = PBXFileReference; lastKnownFileType = sourcecode.swift; path = AppDelegate.swift; sourceTree = "<group>"; };
		BA756B3D25457C280087B127 /* Base */ = {isa = PBXFileReference; lastKnownFileType = file.storyboard; name = Base; path = Base.lproj/Main.storyboard; sourceTree = "<group>"; };
		BA756B3F25457C290087B127 /* Assets.xcassets */ = {isa = PBXFileReference; lastKnownFileType = folder.assetcatalog; path = Assets.xcassets; sourceTree = "<group>"; };
		BA756B4225457C290087B127 /* Base */ = {isa = PBXFileReference; lastKnownFileType = file.storyboard; name = Base; path = Base.lproj/LaunchScreen.storyboard; sourceTree = "<group>"; };
		BA756B4425457C290087B127 /* Info.plist */ = {isa = PBXFileReference; lastKnownFileType = text.plist.xml; path = Info.plist; sourceTree = "<group>"; };
		BA7E2DC025567AE400868F51 /* RoundedAvatar.swift */ = {isa = PBXFileReference; lastKnownFileType = sourcecode.swift; path = RoundedAvatar.swift; sourceTree = "<group>"; };
		BA7E2DC325567F5200868F51 /* AvatarImageView.swift */ = {isa = PBXFileReference; lastKnownFileType = sourcecode.swift; path = AvatarImageView.swift; sourceTree = "<group>"; };
		BA7E2DCA2557EE7000868F51 /* LikeButton.swift */ = {isa = PBXFileReference; lastKnownFileType = sourcecode.swift; path = LikeButton.swift; sourceTree = "<group>"; };
		BA8AA3912561141A008E348A /* NewsTableViewController.swift */ = {isa = PBXFileReference; lastKnownFileType = sourcecode.swift; path = NewsTableViewController.swift; sourceTree = "<group>"; };
		BA8AA3952561186C008E348A /* NewsCellTableViewCell.swift */ = {isa = PBXFileReference; lastKnownFileType = sourcecode.swift; path = NewsCellTableViewCell.swift; sourceTree = "<group>"; };
		BA8C07C52599D3B200916B82 /* UserModel.swift */ = {isa = PBXFileReference; lastKnownFileType = sourcecode.swift; path = UserModel.swift; sourceTree = "<group>"; };
		BAA33C6B256D793F007B99BC /* CustomNavigationController.swift */ = {isa = PBXFileReference; lastKnownFileType = sourcecode.swift; path = CustomNavigationController.swift; sourceTree = "<group>"; };
		BAA44FD32594AAA500B2307D /* FriendsModel.swift */ = {isa = PBXFileReference; lastKnownFileType = sourcecode.swift; path = FriendsModel.swift; sourceTree = "<group>"; };
		BAA44FE82594CBBC00B2307D /* GroupModel.swift */ = {isa = PBXFileReference; lastKnownFileType = sourcecode.swift; path = GroupModel.swift; sourceTree = "<group>"; };
		BAB8ECB525619DB60042A0C7 /* DottedProgressBar.swift */ = {isa = PBXFileReference; lastKnownFileType = sourcecode.swift; path = DottedProgressBar.swift; sourceTree = "<group>"; };
		BAE8C834258BD52F00CE421C /* Session.swift */ = {isa = PBXFileReference; lastKnownFileType = sourcecode.swift; path = Session.swift; sourceTree = "<group>"; };
		BAEA818C256931070065F548 /* HorizontalPagingCollectionView.swift */ = {isa = PBXFileReference; lastKnownFileType = sourcecode.swift; path = HorizontalPagingCollectionView.swift; sourceTree = "<group>"; };
		C51DE9DC2A2DF9ED0A683671 /* Pods_VKClient.framework */ = {isa = PBXFileReference; explicitFileType = wrapper.framework; includeInIndex = 0; path = Pods_VKClient.framework; sourceTree = BUILT_PRODUCTS_DIR; };
		FCE99589649C847CF1A0542E /* CustomInteractiveTransition.swift */ = {isa = PBXFileReference; fileEncoding = 4; lastKnownFileType = sourcecode.swift; path = CustomInteractiveTransition.swift; sourceTree = "<group>"; };
		FCE99598C61B8B6AC83FE8B7 /* CustomPopAnimation.swift */ = {isa = PBXFileReference; fileEncoding = 4; lastKnownFileType = sourcecode.swift; path = CustomPopAnimation.swift; sourceTree = "<group>"; };
		FCE99619FAC92EE091D86D83 /* CustomPushAnimation.swift */ = {isa = PBXFileReference; fileEncoding = 4; lastKnownFileType = sourcecode.swift; path = CustomPushAnimation.swift; sourceTree = "<group>"; };
		FCE9963688E6A77E31A0C6E0 /* DataBaseWorker.swift */ = {isa = PBXFileReference; fileEncoding = 4; lastKnownFileType = sourcecode.swift; path = DataBaseWorker.swift; sourceTree = "<group>"; };
		FCE99CA754424EE77E88B826 /* DateHelper.swift */ = {isa = PBXFileReference; fileEncoding = 4; lastKnownFileType = sourcecode.swift; path = DateHelper.swift; sourceTree = "<group>"; };
		FCE99E1B6E94FC3964CB073B /* FriendsSections.swift */ = {isa = PBXFileReference; fileEncoding = 4; lastKnownFileType = sourcecode.swift; path = FriendsSections.swift; sourceTree = "<group>"; };
/* End PBXFileReference section */

/* Begin PBXFrameworksBuildPhase section */
		BA756B3025457C280087B127 /* Frameworks */ = {
			isa = PBXFrameworksBuildPhase;
			buildActionMask = 2147483647;
			files = (
				B539352ED7488FDF3D9ECD87 /* Pods_VKClient.framework in Frameworks */,
			);
			runOnlyForDeploymentPostprocessing = 0;
		};
/* End PBXFrameworksBuildPhase section */

/* Begin PBXGroup section */
		039524E1185954B93785E452 /* Frameworks */ = {
			isa = PBXGroup;
			children = (
				C51DE9DC2A2DF9ED0A683671 /* Pods_VKClient.framework */,
			);
			name = Frameworks;
			sourceTree = "<group>";
		};
		2C0E55B73163FF4A1506EF76 /* Pods */ = {
			isa = PBXGroup;
			children = (
				188CEF3F4D2D932BF00BCD8B /* Pods-VKClient.debug.xcconfig */,
				8A824369B8D121FBF9DFE64C /* Pods-VKClient.release.xcconfig */,
			);
			path = Pods;
			sourceTree = "<group>";
		};
		BA48CC752552CEC10020F72B /* Friends */ = {
			isa = PBXGroup;
			children = (
				BA48CC772552CEED0020F72B /* FriendsViewController.swift */,
				BA48CC812552D9300020F72B /* FriendsPhotoCell.swift */,
				BA48CC7B2552D20F0020F72B /* FriendsListViewController.swift */,
				BA48CC7E2552D4260020F72B /* FriendsCell.swift */,
				BA50681125694F4F00065D0C /* FriendsPhotosViewController.swift */,
			);
			path = Friends;
			sourceTree = "<group>";
		};
		BA48CC762552CEC80020F72B /* Groups */ = {
			isa = PBXGroup;
			children = (
				BA48CC8D2552E7550020F72B /* MyGroupsCell.swift */,
				BA48CC8A2552E7440020F72B /* MyGroupsViewController.swift */,
				BA48CC842552DE9C0020F72B /* GroupsViewController.swift */,
				BA48CC872552DEAF0020F72B /* GroupCell.swift */,
			);
			path = Groups;
			sourceTree = "<group>";
		};
		BA48CC902552E8D00020F72B /* Model */ = {
			isa = PBXGroup;
			children = (
				BA48CC952552E8EF0020F72B /* Group.swift */,
				BAA44FD32594AAA500B2307D /* FriendsModel.swift */,
				BAA44FE82594CBBC00B2307D /* GroupModel.swift */,
				BA8C07C52599D3B200916B82 /* UserModel.swift */,
				FCE99E1B6E94FC3964CB073B /* FriendsSections.swift */,
			);
			path = Model;
			sourceTree = "<group>";
		};
		BA756B2A25457C280087B127 = {
			isa = PBXGroup;
			children = (
				BA756B3525457C280087B127 /* VKClient */,
				BA756B3425457C280087B127 /* Products */,
				2C0E55B73163FF4A1506EF76 /* Pods */,
				039524E1185954B93785E452 /* Frameworks */,
				FCE9981C5EA5CEAAF3CC17EC /* DataBase */,
			);
			sourceTree = "<group>";
		};
		BA756B3425457C280087B127 /* Products */ = {
			isa = PBXGroup;
			children = (
				BA756B3325457C280087B127 /* VKClient.app */,
			);
			name = Products;
			sourceTree = "<group>";
		};
		BA756B3525457C280087B127 /* VKClient */ = {
			isa = PBXGroup;
			children = (
				BAE8C833258BD4F200CE421C /* Network */,
				BAA33C6A256D791B007B99BC /* NavigationController */,
				BA8AA39025611037008E348A /* News */,
				BA7E2DC82557EBCE00868F51 /* CustomControls */,
				BA48CC902552E8D00020F72B /* Model */,
				BA48CC762552CEC80020F72B /* Groups */,
				BA48CC752552CEC10020F72B /* Friends */,
				BA756B3625457C280087B127 /* AppDelegate.swift */,
				BA756B3C25457C280087B127 /* Main.storyboard */,
				BA756B3F25457C290087B127 /* Assets.xcassets */,
				BA756B4125457C290087B127 /* LaunchScreen.storyboard */,
				BA756B4425457C290087B127 /* Info.plist */,
				BA48CC5B254DDA7C0020F72B /* LoginViewController.swift */,
				BA43607D258F6910000657DD /* WebKitLoginViewController.swift */,
				FCE9997DFBD9B7A004E6C3A7 /* Utils */,
			);
			path = VKClient;
			sourceTree = "<group>";
		};
		BA7E2DC82557EBCE00868F51 /* CustomControls */ = {
			isa = PBXGroup;
			children = (
				BA7E2DC025567AE400868F51 /* RoundedAvatar.swift */,
				BA7E2DC325567F5200868F51 /* AvatarImageView.swift */,
				BA7E2DCA2557EE7000868F51 /* LikeButton.swift */,
				BAB8ECB525619DB60042A0C7 /* DottedProgressBar.swift */,
				BAEA818C256931070065F548 /* HorizontalPagingCollectionView.swift */,
				FCE999F7F0D85B543D5199DD /* CustomTransitions */,
			);
			path = CustomControls;
			sourceTree = "<group>";
		};
		BA8AA39025611037008E348A /* News */ = {
			isa = PBXGroup;
			children = (
				BA8AA3912561141A008E348A /* NewsTableViewController.swift */,
				BA8AA3952561186C008E348A /* NewsCellTableViewCell.swift */,
			);
			path = News;
			sourceTree = "<group>";
		};
		BAA33C6A256D791B007B99BC /* NavigationController */ = {
			isa = PBXGroup;
			children = (
				BAA33C6B256D793F007B99BC /* CustomNavigationController.swift */,
			);
			path = NavigationController;
			sourceTree = "<group>";
		};
		BAE8C833258BD4F200CE421C /* Network */ = {
			isa = PBXGroup;
			children = (
				BAE8C834258BD52F00CE421C /* Session.swift */,
				BA436084258F732F000657DD /* NetworkRequests.swift */,
			);
			path = Network;
			sourceTree = "<group>";
		};
		FCE9981C5EA5CEAAF3CC17EC /* DataBase */ = {
			isa = PBXGroup;
			children = (
				FCE9963688E6A77E31A0C6E0 /* DataBaseWorker.swift */,
			);
			path = DataBase;
			sourceTree = "<group>";
		};
		FCE9997DFBD9B7A004E6C3A7 /* Utils */ = {
			isa = PBXGroup;
			children = (
				FCE99CA754424EE77E88B826 /* DateHelper.swift */,
			);
			path = Utils;
			sourceTree = "<group>";
		};
		FCE999F7F0D85B543D5199DD /* CustomTransitions */ = {
			isa = PBXGroup;
			children = (
				FCE99619FAC92EE091D86D83 /* CustomPushAnimation.swift */,
				FCE99598C61B8B6AC83FE8B7 /* CustomPopAnimation.swift */,
				FCE99589649C847CF1A0542E /* CustomInteractiveTransition.swift */,
			);
			path = CustomTransitions;
			sourceTree = "<group>";
		};
/* End PBXGroup section */

/* Begin PBXNativeTarget section */
		BA756B3225457C280087B127 /* VKClient */ = {
			isa = PBXNativeTarget;
			buildConfigurationList = BA756B4725457C290087B127 /* Build configuration list for PBXNativeTarget "VKClient" */;
			buildPhases = (
				3DD9C5E978A7430223C98692 /* [CP] Check Pods Manifest.lock */,
				BA756B2F25457C280087B127 /* Sources */,
				BA756B3025457C280087B127 /* Frameworks */,
				BA756B3125457C280087B127 /* Resources */,
				B0BCA8F6C0326F807C79B464 /* [CP] Embed Pods Frameworks */,
			);
			buildRules = (
			);
			dependencies = (
			);
			name = VKClient;
			productName = VKClient;
			productReference = BA756B3325457C280087B127 /* VKClient.app */;
			productType = "com.apple.product-type.application";
		};
/* End PBXNativeTarget section */

/* Begin PBXProject section */
		BA756B2B25457C280087B127 /* Project object */ = {
			isa = PBXProject;
			attributes = {
				LastSwiftUpdateCheck = 1210;
				LastUpgradeCheck = 1210;
				TargetAttributes = {
					BA756B3225457C280087B127 = {
						CreatedOnToolsVersion = 12.1;
					};
				};
			};
			buildConfigurationList = BA756B2E25457C280087B127 /* Build configuration list for PBXProject "VKClient" */;
			compatibilityVersion = "Xcode 9.3";
			developmentRegion = en;
			hasScannedForEncodings = 0;
			knownRegions = (
				en,
				Base,
			);
			mainGroup = BA756B2A25457C280087B127;
			productRefGroup = BA756B3425457C280087B127 /* Products */;
			projectDirPath = "";
			projectRoot = "";
			targets = (
				BA756B3225457C280087B127 /* VKClient */,
			);
		};
/* End PBXProject section */

/* Begin PBXResourcesBuildPhase section */
		BA756B3125457C280087B127 /* Resources */ = {
			isa = PBXResourcesBuildPhase;
			buildActionMask = 2147483647;
			files = (
				BA756B4325457C290087B127 /* LaunchScreen.storyboard in Resources */,
				BA756B4025457C290087B127 /* Assets.xcassets in Resources */,
				BA756B3E25457C280087B127 /* Main.storyboard in Resources */,
			);
			runOnlyForDeploymentPostprocessing = 0;
		};
/* End PBXResourcesBuildPhase section */

/* Begin PBXShellScriptBuildPhase section */
		3DD9C5E978A7430223C98692 /* [CP] Check Pods Manifest.lock */ = {
			isa = PBXShellScriptBuildPhase;
			buildActionMask = 2147483647;
			files = (
			);
			inputFileListPaths = (
			);
			inputPaths = (
				"${PODS_PODFILE_DIR_PATH}/Podfile.lock",
				"${PODS_ROOT}/Manifest.lock",
			);
			name = "[CP] Check Pods Manifest.lock";
			outputFileListPaths = (
			);
			outputPaths = (
				"$(DERIVED_FILE_DIR)/Pods-VKClient-checkManifestLockResult.txt",
			);
			runOnlyForDeploymentPostprocessing = 0;
			shellPath = /bin/sh;
			shellScript = "diff \"${PODS_PODFILE_DIR_PATH}/Podfile.lock\" \"${PODS_ROOT}/Manifest.lock\" > /dev/null\nif [ $? != 0 ] ; then\n    # print error to STDERR\n    echo \"error: The sandbox is not in sync with the Podfile.lock. Run 'pod install' or update your CocoaPods installation.\" >&2\n    exit 1\nfi\n# This output is used by Xcode 'outputs' to avoid re-running this script phase.\necho \"SUCCESS\" > \"${SCRIPT_OUTPUT_FILE_0}\"\n";
			showEnvVarsInLog = 0;
		};
		B0BCA8F6C0326F807C79B464 /* [CP] Embed Pods Frameworks */ = {
			isa = PBXShellScriptBuildPhase;
			buildActionMask = 2147483647;
			files = (
			);
			inputFileListPaths = (
				"${PODS_ROOT}/Target Support Files/Pods-VKClient/Pods-VKClient-frameworks-${CONFIGURATION}-input-files.xcfilelist",
			);
			name = "[CP] Embed Pods Frameworks";
			outputFileListPaths = (
				"${PODS_ROOT}/Target Support Files/Pods-VKClient/Pods-VKClient-frameworks-${CONFIGURATION}-output-files.xcfilelist",
			);
			runOnlyForDeploymentPostprocessing = 0;
			shellPath = /bin/sh;
			shellScript = "\"${PODS_ROOT}/Target Support Files/Pods-VKClient/Pods-VKClient-frameworks.sh\"\n";
			showEnvVarsInLog = 0;
		};
/* End PBXShellScriptBuildPhase section */

/* Begin PBXSourcesBuildPhase section */
		BA756B2F25457C280087B127 /* Sources */ = {
			isa = PBXSourcesBuildPhase;
			buildActionMask = 2147483647;
			files = (
				BAEA818D256931070065F548 /* HorizontalPagingCollectionView.swift in Sources */,
				BAB8ECB625619DB60042A0C7 /* DottedProgressBar.swift in Sources */,
				BA48CC852552DE9C0020F72B /* GroupsViewController.swift in Sources */,
				BA48CC7C2552D20F0020F72B /* FriendsListViewController.swift in Sources */,
				BA48CC7F2552D4260020F72B /* FriendsCell.swift in Sources */,
				BA48CC962552E8EF0020F72B /* Group.swift in Sources */,
				BAA33C6C256D793F007B99BC /* CustomNavigationController.swift in Sources */,
				BA43607E258F6910000657DD /* WebKitLoginViewController.swift in Sources */,
				BAA44FE92594CBBC00B2307D /* GroupModel.swift in Sources */,
				BA48CC822552D9300020F72B /* FriendsPhotoCell.swift in Sources */,
				BAE8C835258BD52F00CE421C /* Session.swift in Sources */,
				BA48CC5C254DDA7C0020F72B /* LoginViewController.swift in Sources */,
				BA48CC782552CEED0020F72B /* FriendsViewController.swift in Sources */,
				BA436085258F732F000657DD /* NetworkRequests.swift in Sources */,
				BA48CC8B2552E7440020F72B /* MyGroupsViewController.swift in Sources */,
				BA48CC8E2552E7550020F72B /* MyGroupsCell.swift in Sources */,
				BA756B3725457C280087B127 /* AppDelegate.swift in Sources */,
				BA7E2DC125567AE400868F51 /* RoundedAvatar.swift in Sources */,
				BA8AA3922561141A008E348A /* NewsTableViewController.swift in Sources */,
				BA48CC882552DEAF0020F72B /* GroupCell.swift in Sources */,
				BA7E2DCB2557EE7000868F51 /* LikeButton.swift in Sources */,
				BA50681225694F4F00065D0C /* FriendsPhotosViewController.swift in Sources */,
				BAA44FD42594AAA500B2307D /* FriendsModel.swift in Sources */,
				BA8AA3962561186C008E348A /* NewsCellTableViewCell.swift in Sources */,
				BA8C07C62599D3B200916B82 /* UserModel.swift in Sources */,
				BA7E2DC425567F5200868F51 /* AvatarImageView.swift in Sources */,
				FCE9915F117B8CAD7A122A2C /* CustomPushAnimation.swift in Sources */,
				FCE99D6B3D4727FF6B29C07D /* CustomPopAnimation.swift in Sources */,
				FCE99F903771B07881C51A89 /* CustomInteractiveTransition.swift in Sources */,
				FCE996E66EEB2B9CCD162C59 /* DataBaseWorker.swift in Sources */,
				FCE99096EA14C9BF82EB4D7C /* FriendsSections.swift in Sources */,
				FCE998BCAF6D484D27BA3413 /* DateHelper.swift in Sources */,
			);
			runOnlyForDeploymentPostprocessing = 0;
		};
/* End PBXSourcesBuildPhase section */

/* Begin PBXVariantGroup section */
		BA756B3C25457C280087B127 /* Main.storyboard */ = {
			isa = PBXVariantGroup;
			children = (
				BA756B3D25457C280087B127 /* Base */,
			);
			name = Main.storyboard;
			sourceTree = "<group>";
		};
		BA756B4125457C290087B127 /* LaunchScreen.storyboard */ = {
			isa = PBXVariantGroup;
			children = (
				BA756B4225457C290087B127 /* Base */,
			);
			name = LaunchScreen.storyboard;
			sourceTree = "<group>";
		};
/* End PBXVariantGroup section */

/* Begin XCBuildConfiguration section */
		BA756B4525457C290087B127 /* Debug */ = {
			isa = XCBuildConfiguration;
			buildSettings = {
				ALWAYS_SEARCH_USER_PATHS = NO;
				CLANG_ANALYZER_NONNULL = YES;
				CLANG_ANALYZER_NUMBER_OBJECT_CONVERSION = YES_AGGRESSIVE;
				CLANG_CXX_LANGUAGE_STANDARD = "gnu++14";
				CLANG_CXX_LIBRARY = "libc++";
				CLANG_ENABLE_MODULES = YES;
				CLANG_ENABLE_OBJC_ARC = YES;
				CLANG_ENABLE_OBJC_WEAK = YES;
				CLANG_WARN_BLOCK_CAPTURE_AUTORELEASING = YES;
				CLANG_WARN_BOOL_CONVERSION = YES;
				CLANG_WARN_COMMA = YES;
				CLANG_WARN_CONSTANT_CONVERSION = YES;
				CLANG_WARN_DEPRECATED_OBJC_IMPLEMENTATIONS = YES;
				CLANG_WARN_DIRECT_OBJC_ISA_USAGE = YES_ERROR;
				CLANG_WARN_DOCUMENTATION_COMMENTS = YES;
				CLANG_WARN_EMPTY_BODY = YES;
				CLANG_WARN_ENUM_CONVERSION = YES;
				CLANG_WARN_INFINITE_RECURSION = YES;
				CLANG_WARN_INT_CONVERSION = YES;
				CLANG_WARN_NON_LITERAL_NULL_CONVERSION = YES;
				CLANG_WARN_OBJC_IMPLICIT_RETAIN_SELF = YES;
				CLANG_WARN_OBJC_LITERAL_CONVERSION = YES;
				CLANG_WARN_OBJC_ROOT_CLASS = YES_ERROR;
				CLANG_WARN_QUOTED_INCLUDE_IN_FRAMEWORK_HEADER = YES;
				CLANG_WARN_RANGE_LOOP_ANALYSIS = YES;
				CLANG_WARN_STRICT_PROTOTYPES = YES;
				CLANG_WARN_SUSPICIOUS_MOVE = YES;
				CLANG_WARN_UNGUARDED_AVAILABILITY = YES_AGGRESSIVE;
				CLANG_WARN_UNREACHABLE_CODE = YES;
				CLANG_WARN__DUPLICATE_METHOD_MATCH = YES;
				COPY_PHASE_STRIP = NO;
				DEBUG_INFORMATION_FORMAT = dwarf;
				ENABLE_STRICT_OBJC_MSGSEND = YES;
				ENABLE_TESTABILITY = YES;
				GCC_C_LANGUAGE_STANDARD = gnu11;
				GCC_DYNAMIC_NO_PIC = NO;
				GCC_NO_COMMON_BLOCKS = YES;
				GCC_OPTIMIZATION_LEVEL = 0;
				GCC_PREPROCESSOR_DEFINITIONS = (
					"DEBUG=1",
					"$(inherited)",
				);
				GCC_WARN_64_TO_32_BIT_CONVERSION = YES;
				GCC_WARN_ABOUT_RETURN_TYPE = YES_ERROR;
				GCC_WARN_UNDECLARED_SELECTOR = YES;
				GCC_WARN_UNINITIALIZED_AUTOS = YES_AGGRESSIVE;
				GCC_WARN_UNUSED_FUNCTION = YES;
				GCC_WARN_UNUSED_VARIABLE = YES;
				IPHONEOS_DEPLOYMENT_TARGET = 14.1;
				MTL_ENABLE_DEBUG_INFO = INCLUDE_SOURCE;
				MTL_FAST_MATH = YES;
				ONLY_ACTIVE_ARCH = YES;
				SDKROOT = iphoneos;
				SWIFT_ACTIVE_COMPILATION_CONDITIONS = DEBUG;
				SWIFT_OPTIMIZATION_LEVEL = "-Onone";
			};
			name = Debug;
		};
		BA756B4625457C290087B127 /* Release */ = {
			isa = XCBuildConfiguration;
			buildSettings = {
				ALWAYS_SEARCH_USER_PATHS = NO;
				CLANG_ANALYZER_NONNULL = YES;
				CLANG_ANALYZER_NUMBER_OBJECT_CONVERSION = YES_AGGRESSIVE;
				CLANG_CXX_LANGUAGE_STANDARD = "gnu++14";
				CLANG_CXX_LIBRARY = "libc++";
				CLANG_ENABLE_MODULES = YES;
				CLANG_ENABLE_OBJC_ARC = YES;
				CLANG_ENABLE_OBJC_WEAK = YES;
				CLANG_WARN_BLOCK_CAPTURE_AUTORELEASING = YES;
				CLANG_WARN_BOOL_CONVERSION = YES;
				CLANG_WARN_COMMA = YES;
				CLANG_WARN_CONSTANT_CONVERSION = YES;
				CLANG_WARN_DEPRECATED_OBJC_IMPLEMENTATIONS = YES;
				CLANG_WARN_DIRECT_OBJC_ISA_USAGE = YES_ERROR;
				CLANG_WARN_DOCUMENTATION_COMMENTS = YES;
				CLANG_WARN_EMPTY_BODY = YES;
				CLANG_WARN_ENUM_CONVERSION = YES;
				CLANG_WARN_INFINITE_RECURSION = YES;
				CLANG_WARN_INT_CONVERSION = YES;
				CLANG_WARN_NON_LITERAL_NULL_CONVERSION = YES;
				CLANG_WARN_OBJC_IMPLICIT_RETAIN_SELF = YES;
				CLANG_WARN_OBJC_LITERAL_CONVERSION = YES;
				CLANG_WARN_OBJC_ROOT_CLASS = YES_ERROR;
				CLANG_WARN_QUOTED_INCLUDE_IN_FRAMEWORK_HEADER = YES;
				CLANG_WARN_RANGE_LOOP_ANALYSIS = YES;
				CLANG_WARN_STRICT_PROTOTYPES = YES;
				CLANG_WARN_SUSPICIOUS_MOVE = YES;
				CLANG_WARN_UNGUARDED_AVAILABILITY = YES_AGGRESSIVE;
				CLANG_WARN_UNREACHABLE_CODE = YES;
				CLANG_WARN__DUPLICATE_METHOD_MATCH = YES;
				COPY_PHASE_STRIP = NO;
				DEBUG_INFORMATION_FORMAT = "dwarf-with-dsym";
				ENABLE_NS_ASSERTIONS = NO;
				ENABLE_STRICT_OBJC_MSGSEND = YES;
				GCC_C_LANGUAGE_STANDARD = gnu11;
				GCC_NO_COMMON_BLOCKS = YES;
				GCC_WARN_64_TO_32_BIT_CONVERSION = YES;
				GCC_WARN_ABOUT_RETURN_TYPE = YES_ERROR;
				GCC_WARN_UNDECLARED_SELECTOR = YES;
				GCC_WARN_UNINITIALIZED_AUTOS = YES_AGGRESSIVE;
				GCC_WARN_UNUSED_FUNCTION = YES;
				GCC_WARN_UNUSED_VARIABLE = YES;
				IPHONEOS_DEPLOYMENT_TARGET = 14.1;
				MTL_ENABLE_DEBUG_INFO = NO;
				MTL_FAST_MATH = YES;
				SDKROOT = iphoneos;
				SWIFT_COMPILATION_MODE = wholemodule;
				SWIFT_OPTIMIZATION_LEVEL = "-O";
				VALIDATE_PRODUCT = YES;
			};
			name = Release;
		};
		BA756B4825457C290087B127 /* Debug */ = {
			isa = XCBuildConfiguration;
			baseConfigurationReference = 188CEF3F4D2D932BF00BCD8B /* Pods-VKClient.debug.xcconfig */;
			buildSettings = {
				ASSETCATALOG_COMPILER_APPICON_NAME = AppIcon;
				ASSETCATALOG_COMPILER_GLOBAL_ACCENT_COLOR_NAME = AccentColor;
				CODE_SIGN_STYLE = Automatic;
				DEVELOPMENT_TEAM = KB66U8JA8X;
				INFOPLIST_FILE = VKClient/Info.plist;
				LD_RUNPATH_SEARCH_PATHS = (
					"$(inherited)",
					"@executable_path/Frameworks",
				);
				PRODUCT_BUNDLE_IDENTIFIER = com.kn.VKClient;
				PRODUCT_NAME = "$(TARGET_NAME)";
				SWIFT_VERSION = 5.0;
				TARGETED_DEVICE_FAMILY = "1,2";
			};
			name = Debug;
		};
		BA756B4925457C290087B127 /* Release */ = {
			isa = XCBuildConfiguration;
			baseConfigurationReference = 8A824369B8D121FBF9DFE64C /* Pods-VKClient.release.xcconfig */;
			buildSettings = {
				ASSETCATALOG_COMPILER_APPICON_NAME = AppIcon;
				ASSETCATALOG_COMPILER_GLOBAL_ACCENT_COLOR_NAME = AccentColor;
				CODE_SIGN_STYLE = Automatic;
				DEVELOPMENT_TEAM = KB66U8JA8X;
				INFOPLIST_FILE = VKClient/Info.plist;
				LD_RUNPATH_SEARCH_PATHS = (
					"$(inherited)",
					"@executable_path/Frameworks",
				);
				PRODUCT_BUNDLE_IDENTIFIER = com.kn.VKClient;
				PRODUCT_NAME = "$(TARGET_NAME)";
				SWIFT_VERSION = 5.0;
				TARGETED_DEVICE_FAMILY = "1,2";
			};
			name = Release;
		};
/* End XCBuildConfiguration section */

/* Begin XCConfigurationList section */
		BA756B2E25457C280087B127 /* Build configuration list for PBXProject "VKClient" */ = {
			isa = XCConfigurationList;
			buildConfigurations = (
				BA756B4525457C290087B127 /* Debug */,
				BA756B4625457C290087B127 /* Release */,
			);
			defaultConfigurationIsVisible = 0;
			defaultConfigurationName = Release;
		};
		BA756B4725457C290087B127 /* Build configuration list for PBXNativeTarget "VKClient" */ = {
			isa = XCConfigurationList;
			buildConfigurations = (
				BA756B4825457C290087B127 /* Debug */,
				BA756B4925457C290087B127 /* Release */,
			);
			defaultConfigurationIsVisible = 0;
			defaultConfigurationName = Release;
		};
/* End XCConfigurationList section */
	};
	rootObject = BA756B2B25457C280087B127 /* Project object */;
}
